
Microsoft Visual Studio Solution File, Format Version 12.00
# Visual Studio 14
VisualStudioVersion = 14.0.25420.1
MinimumVisualStudioVersion = 10.0.40219.1
Project("{FAE04EC0-301F-11D3-BF4B-00C04F79EFBC}") = "TFSIntegration", "TFSIntegration\TFSIntegration.csproj", "{F84DF25A-C784-43C1-B073-8D09D083A29E}"
EndProject
Project("{2150E333-8FDC-42A3-9474-1A3956D46DE8}") = ".nuget", ".nuget", "{7C74AC65-9C1B-4C3D-A4B7-41405AEF7947}"
	ProjectSection(SolutionItems) = preProject
		.nuget\NuGet.Config = .nuget\NuGet.Config
		.nuget\NuGet.exe = .nuget\NuGet.exe
		.nuget\NuGet.targets = .nuget\NuGet.targets
	EndProjectSection
EndProject
Project("{2150E333-8FDC-42A3-9474-1A3956D46DE8}") = "native", "native", "{6A205EED-F6CC-4E19-8A47-DBE76C1AB7B9}"
	ProjectSection(SolutionItems) = preProject
		packages\Microsoft.TeamFoundationServer.ExtendedClient.14.102.0\lib\native\x86\Microsoft.WITDataStore32.dll = packages\Microsoft.TeamFoundationServer.ExtendedClient.14.102.0\lib\native\x86\Microsoft.WITDataStore32.dll
		packages\Microsoft.TeamFoundationServer.ExtendedClient.14.102.0\lib\native\amd64\Microsoft.WITDataStore64.dll = packages\Microsoft.TeamFoundationServer.ExtendedClient.14.102.0\lib\native\amd64\Microsoft.WITDataStore64.dll
	EndProjectSection
EndProject
Global
	GlobalSection(SolutionConfigurationPlatforms) = preSolution
		Debug|Any CPU = Debug|Any CPU
		Release|Any CPU = Release|Any CPU
	EndGlobalSection
	GlobalSection(ProjectConfigurationPlatforms) = postSolution
		{F84DF25A-C784-43C1-B073-8D09D083A29E}.Debug|Any CPU.ActiveCfg = Debug|Any CPU
		{F84DF25A-C784-43C1-B073-8D09D083A29E}.Debug|Any CPU.Build.0 = Debug|Any CPU
		{F84DF25A-C784-43C1-B073-8D09D083A29E}.Release|Any CPU.ActiveCfg = Release|Any CPU
		{F84DF25A-C784-43C1-B073-8D09D083A29E}.Release|Any CPU.Build.0 = Release|Any CPU
	EndGlobalSection
	GlobalSection(SolutionProperties) = preSolution
		HideSolutionNode = FALSE
	EndGlobalSection
EndGlobal
